
Microsoft Visual Studio Solution File, Format Version 12.00
# Visual Studio Version 16
VisualStudioVersion = 16.0.29519.87
MinimumVisualStudioVersion = 10.0.40219.1
Project("{FAE04EC0-301F-11D3-BF4B-00C04F79EFBC}") = "pierwiastek_ przyblizenie", "pierwiastek_ przyblizenie\pierwiastek_ przyblizenie.csproj", "{5D304F18-004F-466E-8ED7-2A2A89BD2F31}"
EndProject
Global
	GlobalSection(SolutionConfigurationPlatforms) = preSolution
		Debug|Any CPU = Debug|Any CPU
		Release|Any CPU = Release|Any CPU
	EndGlobalSection
	GlobalSection(ProjectConfigurationPlatforms) = postSolution
		{5D304F18-004F-466E-8ED7-2A2A89BD2F31}.Debug|Any CPU.ActiveCfg = Debug|Any CPU
		{5D304F18-004F-466E-8ED7-2A2A89BD2F31}.Debug|Any CPU.Build.0 = Debug|Any CPU
		{5D304F18-004F-466E-8ED7-2A2A89BD2F31}.Release|Any CPU.ActiveCfg = Release|Any CPU
		{5D304F18-004F-466E-8ED7-2A2A89BD2F31}.Release|Any CPU.Build.0 = Release|Any CPU
	EndGlobalSection
	GlobalSection(SolutionProperties) = preSolution
		HideSolutionNode = FALSE
	EndGlobalSection
	GlobalSection(ExtensibilityGlobals) = postSolution
		SolutionGuid = {36D4DE04-1620-46AD-8A45-384B315C72D5}
	EndGlobalSection
EndGlobal
